Microsoft Visual Studio Solution File, Format Version 12.00
# Visual Studio Version 17
VisualStudioVersion = 17.5.2.0
MinimumVisualStudioVersion = 10.0.40219.1
Project("{2150E333-8FDC-42A3-9474-1A3956D46DE8}") = "exercicis", "exercicis", "{B458C918-99C9-3C5B-4733-12801E6B4202}"
EndProject
Project("{FAE04EC0-301F-11D3-BF4B-00C04F79EFBC}") = "exercici1", "exercicis\exercici1\exercici1.csproj", "{9F3E1CF5-0C51-EA7F-28D0-8D554C242207}"
EndProject
Project("{FAE04EC0-301F-11D3-BF4B-00C04F79EFBC}") = "exercici10", "exercicis\exercici10\exercici10.csproj", "{B293778D-34FA-4554-9247-65A83A53BCDE}"
EndProject
Project("{FAE04EC0-301F-11D3-BF4B-00C04F79EFBC}") = "exercici11", "exercicis\exercici11\exercici11.csproj", "{DC2626D2-AAD3-4A71-8B44-D7EFB358D0EF}"
EndProject
Project("{FAE04EC0-301F-11D3-BF4B-00C04F79EFBC}") = "exercici12", "exercicis\exercici12\exercici12.csproj", "{68A59C5A-6FD2-4519-9225-546CBDE31B8F}"
EndProject
Project("{FAE04EC0-301F-11D3-BF4B-00C04F79EFBC}") = "exercici13", "exercicis\exercici13\exercici13.csproj", "{4E0886EA-5148-421F-83BF-911BDC68F2CF}"
EndProject
Project("{FAE04EC0-301F-11D3-BF4B-00C04F79EFBC}") = "exercici14", "exercicis\exercici14\exercici14.csproj", "{11942FC0-96B3-4290-839E-A577786F5253}"
EndProject
Project("{FAE04EC0-301F-11D3-BF4B-00C04F79EFBC}") = "exercici15", "exercicis\exercici15\exercici15.csproj", "{F0389206-B842-498E-A932-FEA63F9CB27A}"
EndProject
Project("{FAE04EC0-301F-11D3-BF4B-00C04F79EFBC}") = "exercici16", "exercicis\exercici16\exercici16.csproj", "{84460423-7EF0-4878-B515-F0FFBB39EFD1}"
EndProject
Project("{FAE04EC0-301F-11D3-BF4B-00C04F79EFBC}") = "exercici17", "exercicis\exercici17\exercici17.csproj", "{95FBC260-CDE6-4EE9-8911-62BB8E9574D6}"
EndProject
Project("{FAE04EC0-301F-11D3-BF4B-00C04F79EFBC}") = "exercici18", "exercicis\exercici18\exercici18.csproj", "{90C07020-2B63-4DBB-B6D7-221672FAB1F6}"
EndProject
Project("{FAE04EC0-301F-11D3-BF4B-00C04F79EFBC}") = "exercici19", "exercicis\exercici19\exercici19.csproj", "{9637D4E2-5214-4736-8D5C-7AFA768CA38B}"
EndProject
Project("{FAE04EC0-301F-11D3-BF4B-00C04F79EFBC}") = "exercici2", "exercicis\exercici2\exercici2.csproj", "{5678131E-7291-4AA5-A4F5-2A3B4767D762}"
EndProject
Project("{FAE04EC0-301F-11D3-BF4B-00C04F79EFBC}") = "exercici20", "exercicis\exercici20\exercici20.csproj", "{018438DE-96C0-4A62-B12D-1E89E07C64C5}"
EndProject
Project("{FAE04EC0-301F-11D3-BF4B-00C04F79EFBC}") = "exercici3", "exercicis\exercici3\exercici3.csproj", "{ED4BC967-1728-4557-8ED3-509FA2E251DF}"
EndProject
Project("{FAE04EC0-301F-11D3-BF4B-00C04F79EFBC}") = "exercici4", "exercicis\exercici4\exercici4.csproj", "{8EF6FBAC-A98B-408A-AE1E-E4DEA3F86767}"
EndProject
Project("{FAE04EC0-301F-11D3-BF4B-00C04F79EFBC}") = "exercici5", "exercicis\exercici5\exercici5.csproj", "{2C31B7BD-3B4D-4008-9412-08E9BD2ADE20}"
EndProject
Project("{FAE04EC0-301F-11D3-BF4B-00C04F79EFBC}") = "exercici6", "exercicis\exercici6\exercici6.csproj", "{D4CF4607-29A9-477D-8494-9E8D8DCDCA84}"
EndProject
Project("{FAE04EC0-301F-11D3-BF4B-00C04F79EFBC}") = "exercici7", "exercicis\exercici7\exercici7.csproj", "{1D4A6B27-3079-4DB2-999F-09F775E418E5}"
EndProject
Project("{FAE04EC0-301F-11D3-BF4B-00C04F79EFBC}") = "exercici8", "exercicis\exercici8\exercici8.csproj", "{FEA6DAC7-B864-4F97-A3BD-6751DB7EE966}"
EndProject
Project("{FAE04EC0-301F-11D3-BF4B-00C04F79EFBC}") = "exercici9", "exercicis\exercici9\exercici9.csproj", "{D97E0065-40C7-47E1-B7E2-67F3187E5A07}"
EndProject
Global
	GlobalSection(SolutionConfigurationPlatforms) = preSolution
		Debug|Any CPU = Debug|Any CPU
		Release|Any CPU = Release|Any CPU
	EndGlobalSection
	GlobalSection(ProjectConfigurationPlatforms) = postSolution
		{9F3E1CF5-0C51-EA7F-28D0-8D554C242207}.Debug|Any CPU.ActiveCfg = Debug|Any CPU
		{9F3E1CF5-0C51-EA7F-28D0-8D554C242207}.Debug|Any CPU.Build.0 = Debug|Any CPU
		{9F3E1CF5-0C51-EA7F-28D0-8D554C242207}.Release|Any CPU.ActiveCfg = Release|Any CPU
		{9F3E1CF5-0C51-EA7F-28D0-8D554C242207}.Release|Any CPU.Build.0 = Release|Any CPU
		{B293778D-34FA-4554-9247-65A83A53BCDE}.Debug|Any CPU.ActiveCfg = Debug|Any CPU
		{B293778D-34FA-4554-9247-65A83A53BCDE}.Debug|Any CPU.Build.0 = Debug|Any CPU
		{B293778D-34FA-4554-9247-65A83A53BCDE}.Release|Any CPU.ActiveCfg = Release|Any CPU
		{B293778D-34FA-4554-9247-65A83A53BCDE}.Release|Any CPU.Build.0 = Release|Any CPU
		{DC2626D2-AAD3-4A71-8B44-D7EFB358D0EF}.Debug|Any CPU.ActiveCfg = Debug|Any CPU
		{DC2626D2-AAD3-4A71-8B44-D7EFB358D0EF}.Debug|Any CPU.Build.0 = Debug|Any CPU
		{DC2626D2-AAD3-4A71-8B44-D7EFB358D0EF}.Release|Any CPU.ActiveCfg = Release|Any CPU
		{DC2626D2-AAD3-4A71-8B44-D7EFB358D0EF}.Release|Any CPU.Build.0 = Release|Any CPU
		{68A59C5A-6FD2-4519-9225-546CBDE31B8F}.Debug|Any CPU.ActiveCfg = Debug|Any CPU
		{68A59C5A-6FD2-4519-9225-546CBDE31B8F}.Debug|Any CPU.Build.0 = Debug|Any CPU
		{68A59C5A-6FD2-4519-9225-546CBDE31B8F}.Release|Any CPU.ActiveCfg = Release|Any CPU
		{68A59C5A-6FD2-4519-9225-546CBDE31B8F}.Release|Any CPU.Build.0 = Release|Any CPU
		{4E0886EA-5148-421F-83BF-911BDC68F2CF}.Debug|Any CPU.ActiveCfg = Debug|Any CPU
		{4E0886EA-5148-421F-83BF-911BDC68F2CF}.Debug|Any CPU.Build.0 = Debug|Any CPU
		{4E0886EA-5148-421F-83BF-911BDC68F2CF}.Release|Any CPU.ActiveCfg = Release|Any CPU
		{4E0886EA-5148-421F-83BF-911BDC68F2CF}.Release|Any CPU.Build.0 = Release|Any CPU
		{11942FC0-96B3-4290-839E-A577786F5253}.Debug|Any CPU.ActiveCfg = Debug|Any CPU
		{11942FC0-96B3-4290-839E-A577786F5253}.Debug|Any CPU.Build.0 = Debug|Any CPU
		{11942FC0-96B3-4290-839E-A577786F5253}.Release|Any CPU.ActiveCfg = Release|Any CPU
		{11942FC0-96B3-4290-839E-A577786F5253}.Release|Any CPU.Build.0 = Release|Any CPU
		{F0389206-B842-498E-A932-FEA63F9CB27A}.Debug|Any CPU.ActiveCfg = Debug|Any CPU
		{F0389206-B842-498E-A932-FEA63F9CB27A}.Debug|Any CPU.Build.0 = Debug|Any CPU
		{F0389206-B842-498E-A932-FEA63F9CB27A}.Release|Any CPU.ActiveCfg = Release|Any CPU
		{F0389206-B842-498E-A932-FEA63F9CB27A}.Release|Any CPU.Build.0 = Release|Any CPU
		{84460423-7EF0-4878-B515-F0FFBB39EFD1}.Debug|Any CPU.ActiveCfg = Debug|Any CPU
		{84460423-7EF0-4878-B515-F0FFBB39EFD1}.Debug|Any CPU.Build.0 = Debug|Any CPU
		{84460423-7EF0-4878-B515-F0FFBB39EFD1}.Release|Any CPU.ActiveCfg = Release|Any CPU
		{84460423-7EF0-4878-B515-F0FFBB39EFD1}.Release|Any CPU.Build.0 = Release|Any CPU
		{95FBC260-CDE6-4EE9-8911-62BB8E9574D6}.Debug|Any CPU.ActiveCfg = Debug|Any CPU
		{95FBC260-CDE6-4EE9-8911-62BB8E9574D6}.Debug|Any CPU.Build.0 = Debug|Any CPU
		{95FBC260-CDE6-4EE9-8911-62BB8E9574D6}.Release|Any CPU.ActiveCfg = Release|Any CPU
		{95FBC260-CDE6-4EE9-8911-62BB8E9574D6}.Release|Any CPU.Build.0 = Release|Any CPU
		{90C07020-2B63-4DBB-B6D7-221672FAB1F6}.Debug|Any CPU.ActiveCfg = Debug|Any CPU
		{90C07020-2B63-4DBB-B6D7-221672FAB1F6}.Debug|Any CPU.Build.0 = Debug|Any CPU
		{90C07020-2B63-4DBB-B6D7-221672FAB1F6}.Release|Any CPU.ActiveCfg = Release|Any CPU
		{90C07020-2B63-4DBB-B6D7-221672FAB1F6}.Release|Any CPU.Build.0 = Release|Any CPU
		{9637D4E2-5214-4736-8D5C-7AFA768CA38B}.Debug|Any CPU.ActiveCfg = Debug|Any CPU
		{9637D4E2-5214-4736-8D5C-7AFA768CA38B}.Debug|Any CPU.Build.0 = Debug|Any CPU
		{9637D4E2-5214-4736-8D5C-7AFA768CA38B}.Release|Any CPU.ActiveCfg = Release|Any CPU
		{9637D4E2-5214-4736-8D5C-7AFA768CA38B}.Release|Any CPU.Build.0 = Release|Any CPU
		{5678131E-7291-4AA5-A4F5-2A3B4767D762}.Debug|Any CPU.ActiveCfg = Debug|Any CPU
		{5678131E-7291-4AA5-A4F5-2A3B4767D762}.Debug|Any CPU.Build.0 = Debug|Any CPU
		{5678131E-7291-4AA5-A4F5-2A3B4767D762}.Release|Any CPU.ActiveCfg = Release|Any CPU
		{5678131E-7291-4AA5-A4F5-2A3B4767D762}.Release|Any CPU.Build.0 = Release|Any CPU
		{018438DE-96C0-4A62-B12D-1E89E07C64C5}.Debug|Any CPU.ActiveCfg = Debug|Any CPU
		{018438DE-96C0-4A62-B12D-1E89E07C64C5}.Debug|Any CPU.Build.0 = Debug|Any CPU
		{018438DE-96C0-4A62-B12D-1E89E07C64C5}.Release|Any CPU.ActiveCfg = Release|Any CPU
		{018438DE-96C0-4A62-B12D-1E89E07C64C5}.Release|Any CPU.Build.0 = Release|Any CPU
		{ED4BC967-1728-4557-8ED3-509FA2E251DF}.Debug|Any CPU.ActiveCfg = Debug|Any CPU
		{ED4BC967-1728-4557-8ED3-509FA2E251DF}.Debug|Any CPU.Build.0 = Debug|Any CPU
		{ED4BC967-1728-4557-8ED3-509FA2E251DF}.Release|Any CPU.ActiveCfg = Release|Any CPU
		{ED4BC967-1728-4557-8ED3-509FA2E251DF}.Release|Any CPU.Build.0 = Release|Any CPU
		{8EF6FBAC-A98B-408A-AE1E-E4DEA3F86767}.Debug|Any CPU.ActiveCfg = Debug|Any CPU
		{8EF6FBAC-A98B-408A-AE1E-E4DEA3F86767}.Debug|Any CPU.Build.0 = Debug|Any CPU
		{8EF6FBAC-A98B-408A-AE1E-E4DEA3F86767}.Release|Any CPU.ActiveCfg = Release|Any CPU
		{8EF6FBAC-A98B-408A-AE1E-E4DEA3F86767}.Release|Any CPU.Build.0 = Release|Any CPU
		{2C31B7BD-3B4D-4008-9412-08E9BD2ADE20}.Debug|Any CPU.ActiveCfg = Debug|Any CPU
		{2C31B7BD-3B4D-4008-9412-08E9BD2ADE20}.Debug|Any CPU.Build.0 = Debug|Any CPU
		{2C31B7BD-3B4D-4008-9412-08E9BD2ADE20}.Release|Any CPU.ActiveCfg = Release|Any CPU
		{2C31B7BD-3B4D-4008-9412-08E9BD2ADE20}.Release|Any CPU.Build.0 = Release|Any CPU
		{D4CF4607-29A9-477D-8494-9E8D8DCDCA84}.Debug|Any CPU.ActiveCfg = Debug|Any CPU
		{D4CF4607-29A9-477D-8494-9E8D8DCDCA84}.Debug|Any CPU.Build.0 = Debug|Any CPU
		{D4CF4607-29A9-477D-8494-9E8D8DCDCA84}.Release|Any CPU.ActiveCfg = Release|Any CPU
		{D4CF4607-29A9-477D-8494-9E8D8DCDCA84}.Release|Any CPU.Build.0 = Release|Any CPU
		{1D4A6B27-3079-4DB2-999F-09F775E418E5}.Debug|Any CPU.ActiveCfg = Debug|Any CPU
		{1D4A6B27-3079-4DB2-999F-09F775E418E5}.Debug|Any CPU.Build.0 = Debug|Any CPU
		{1D4A6B27-3079-4DB2-999F-09F775E418E5}.Release|Any CPU.ActiveCfg = Release|Any CPU
		{1D4A6B27-3079-4DB2-999F-09F775E418E5}.Release|Any CPU.Build.0 = Release|Any CPU
		{FEA6DAC7-B864-4F97-A3BD-6751DB7EE966}.Debug|Any CPU.ActiveCfg = Debug|Any CPU
		{FEA6DAC7-B864-4F97-A3BD-6751DB7EE966}.Debug|Any CPU.Build.0 = Debug|Any CPU
		{FEA6DAC7-B864-4F97-A3BD-6751DB7EE966}.Release|Any CPU.ActiveCfg = Release|Any CPU
		{FEA6DAC7-B864-4F97-A3BD-6751DB7EE966}.Release|Any CPU.Build.0 = Release|Any CPU
		{D97E0065-40C7-47E1-B7E2-67F3187E5A07}.Debug|Any CPU.ActiveCfg = Debug|Any CPU
		{D97E0065-40C7-47E1-B7E2-67F3187E5A07}.Debug|Any CPU.Build.0 = Debug|Any CPU
		{D97E0065-40C7-47E1-B7E2-67F3187E5A07}.Release|Any CPU.ActiveCfg = Release|Any CPU
		{D97E0065-40C7-47E1-B7E2-67F3187E5A07}.Release|Any CPU.Build.0 = Release|Any CPU
	EndGlobalSection
	GlobalSection(SolutionProperties) = preSolution
		HideSolutionNode = FALSE
	EndGlobalSection
	GlobalSection(NestedProjects) = preSolution
		{9F3E1CF5-0C51-EA7F-28D0-8D554C242207} = {B458C918-99C9-3C5B-4733-12801E6B4202}
		{B293778D-34FA-4554-9247-65A83A53BCDE} = {B458C918-99C9-3C5B-4733-12801E6B4202}
		{DC2626D2-AAD3-4A71-8B44-D7EFB358D0EF} = {B458C918-99C9-3C5B-4733-12801E6B4202}
		{68A59C5A-6FD2-4519-9225-546CBDE31B8F} = {B458C918-99C9-3C5B-4733-12801E6B4202}
		{4E0886EA-5148-421F-83BF-911BDC68F2CF} = {B458C918-99C9-3C5B-4733-12801E6B4202}
		{11942FC0-96B3-4290-839E-A577786F5253} = {B458C918-99C9-3C5B-4733-12801E6B4202}
		{F0389206-B842-498E-A932-FEA63F9CB27A} = {B458C918-99C9-3C5B-4733-12801E6B4202}
		{84460423-7EF0-4878-B515-F0FFBB39EFD1} = {B458C918-99C9-3C5B-4733-12801E6B4202}
		{95FBC260-CDE6-4EE9-8911-62BB8E9574D6} = {B458C918-99C9-3C5B-4733-12801E6B4202}
		{90C07020-2B63-4DBB-B6D7-221672FAB1F6} = {B458C918-99C9-3C5B-4733-12801E6B4202}
		{9637D4E2-5214-4736-8D5C-7AFA768CA38B} = {B458C918-99C9-3C5B-4733-12801E6B4202}
		{5678131E-7291-4AA5-A4F5-2A3B4767D762} = {B458C918-99C9-3C5B-4733-12801E6B4202}
		{018438DE-96C0-4A62-B12D-1E89E07C64C5} = {B458C918-99C9-3C5B-4733-12801E6B4202}
		{ED4BC967-1728-4557-8ED3-509FA2E251DF} = {B458C918-99C9-3C5B-4733-12801E6B4202}
		{8EF6FBAC-A98B-408A-AE1E-E4DEA3F86767} = {B458C918-99C9-3C5B-4733-12801E6B4202}
		{2C31B7BD-3B4D-4008-9412-08E9BD2ADE20} = {B458C918-99C9-3C5B-4733-12801E6B4202}
		{D4CF4607-29A9-477D-8494-9E8D8DCDCA84} = {B458C918-99C9-3C5B-4733-12801E6B4202}
		{1D4A6B27-3079-4DB2-999F-09F775E418E5} = {B458C918-99C9-3C5B-4733-12801E6B4202}
		{FEA6DAC7-B864-4F97-A3BD-6751DB7EE966} = {B458C918-99C9-3C5B-4733-12801E6B4202}
		{D97E0065-40C7-47E1-B7E2-67F3187E5A07} = {B458C918-99C9-3C5B-4733-12801E6B4202}
	EndGlobalSection
	GlobalSection(ExtensibilityGlobals) = postSolution
		SolutionGuid = {0D1FC053-6D76-4825-8140-8CBEF5FF4E02}
	EndGlobalSection
EndGlobal
